
Microsoft Visual Studio Solution File, Format Version 12.00
# Visual Studio Version 16
VisualStudioVersion = 16.0.31911.196
MinimumVisualStudioVersion = 10.0.40219.1
Project("{FAE04EC0-301F-11D3-BF4B-00C04F79EFBC}") = "pass_generation", "pass_generation\pass_generation.csproj", "{6E503162-EB0E-434A-A4F6-1460970B11A0}"
EndProject
Global
	GlobalSection(SolutionConfigurationPlatforms) = preSolution
		Debug|Any CPU = Debug|Any CPU
		Release|Any CPU = Release|Any CPU
	EndGlobalSection
	GlobalSection(ProjectConfigurationPlatforms) = postSolution
		{6E503162-EB0E-434A-A4F6-1460970B11A0}.Debug|Any CPU.ActiveCfg = Debug|Any CPU
		{6E503162-EB0E-434A-A4F6-1460970B11A0}.Debug|Any CPU.Build.0 = Debug|Any CPU
		{6E503162-EB0E-434A-A4F6-1460970B11A0}.Release|Any CPU.ActiveCfg = Release|Any CPU
		{6E503162-EB0E-434A-A4F6-1460970B11A0}.Release|Any CPU.Build.0 = Release|Any CPU
	EndGlobalSection
	GlobalSection(SolutionProperties) = preSolution
		HideSolutionNode = FALSE
	EndGlobalSection
	GlobalSection(ExtensibilityGlobals) = postSolution
		SolutionGuid = {E86999B7-22B6-4EC1-8B60-3A85948D49E8}
	EndGlobalSection
EndGlobal
